
Microsoft Visual Studio Solution File, Format Version 12.00
# Visual Studio Version 17
VisualStudioVersion = 17.0.31903.59
MinimumVisualStudioVersion = 10.0.40219.1
Project("{FAE04EC0-301F-11D3-BF4B-00C04F79EFBC}") = "EF", "EF\EF.csproj", "{BEAF9CF5-A055-4659-AC5C-67395C04E5C6}"
EndProject
Project("{FAE04EC0-301F-11D3-BF4B-00C04F79EFBC}") = "DAL", "DAL\DAL.csproj", "{B94062D9-1C2A-40B7-9A3A-806563187FE9}"
EndProject
Project("{FAE04EC0-301F-11D3-BF4B-00C04F79EFBC}") = "BLL", "BLL\BLL.csproj", "{50ACD9EA-8F1E-4562-865B-8DF46AC7966F}"
EndProject
Global
	GlobalSection(SolutionConfigurationPlatforms) = preSolution
		Debug|Any CPU = Debug|Any CPU
		Release|Any CPU = Release|Any CPU
	EndGlobalSection
	GlobalSection(ProjectConfigurationPlatforms) = postSolution
		{BEAF9CF5-A055-4659-AC5C-67395C04E5C6}.Debug|Any CPU.ActiveCfg = Debug|Any CPU
		{BEAF9CF5-A055-4659-AC5C-67395C04E5C6}.Debug|Any CPU.Build.0 = Debug|Any CPU
		{BEAF9CF5-A055-4659-AC5C-67395C04E5C6}.Release|Any CPU.ActiveCfg = Release|Any CPU
		{BEAF9CF5-A055-4659-AC5C-67395C04E5C6}.Release|Any CPU.Build.0 = Release|Any CPU
		{B94062D9-1C2A-40B7-9A3A-806563187FE9}.Debug|Any CPU.ActiveCfg = Debug|Any CPU
		{B94062D9-1C2A-40B7-9A3A-806563187FE9}.Debug|Any CPU.Build.0 = Debug|Any CPU
		{B94062D9-1C2A-40B7-9A3A-806563187FE9}.Release|Any CPU.ActiveCfg = Release|Any CPU
		{B94062D9-1C2A-40B7-9A3A-806563187FE9}.Release|Any CPU.Build.0 = Release|Any CPU
		{50ACD9EA-8F1E-4562-865B-8DF46AC7966F}.Debug|Any CPU.ActiveCfg = Debug|Any CPU
		{50ACD9EA-8F1E-4562-865B-8DF46AC7966F}.Debug|Any CPU.Build.0 = Debug|Any CPU
		{50ACD9EA-8F1E-4562-865B-8DF46AC7966F}.Release|Any CPU.ActiveCfg = Release|Any CPU
		{50ACD9EA-8F1E-4562-865B-8DF46AC7966F}.Release|Any CPU.Build.0 = Release|Any CPU
	EndGlobalSection
	GlobalSection(SolutionProperties) = preSolution
		HideSolutionNode = FALSE
	EndGlobalSection
	GlobalSection(ExtensibilityGlobals) = postSolution
		SolutionGuid = {979E12AC-AD58-4EAA-934F-E972F9AD8410}
	EndGlobalSection
EndGlobal
